// !$*UTF8*$!
{
	archiveVersion = 1;
	classes = {
	};
	objectVersion = 46;
	objects = {

/* Begin PBXBuildFile section */
		4B57D13C1AC4F505006C5249 /* AppDelegate.swift in Sources */ = {isa = PBXBuildFile; fileRef = 4B57D13B1AC4F505006C5249 /* AppDelegate.swift */; };
		4B57D13E1AC4F505006C5249 /* ViewController.swift in Sources */ = {isa = PBXBuildFile; fileRef = 4B57D13D1AC4F505006C5249 /* ViewController.swift */; };
		4B57D1411AC4F505006C5249 /* Main.storyboard in Resources */ = {isa = PBXBuildFile; fileRef = 4B57D13F1AC4F505006C5249 /* Main.storyboard */; };
		4B57D1431AC4F505006C5249 /* Images.xcassets in Resources */ = {isa = PBXBuildFile; fileRef = 4B57D1421AC4F505006C5249 /* Images.xcassets */; };
		4B57D1461AC4F505006C5249 /* LaunchScreen.xib in Resources */ = {isa = PBXBuildFile; fileRef = 4B57D1441AC4F505006C5249 /* LaunchScreen.xib */; };
		4B57D1521AC4F505006C5249 /* __Tests.swift in Sources */ = {isa = PBXBuildFile; fileRef = 4B57D1511AC4F505006C5249 /* __Tests.swift */; };
/* End PBXBuildFile section */

/* Begin PBXContainerItemProxy section */
		4B57D14C1AC4F505006C5249 /* PBXContainerItemProxy */ = {
			isa = PBXContainerItemProxy;
			containerPortal = 4B57D12E1AC4F505006C5249 /* Project object */;
			proxyType = 1;
			remoteGlobalIDString = 4B57D1351AC4F505006C5249;
			remoteInfo = "電卓";
		};
/* End PBXContainerItemProxy section */

/* Begin PBXFileReference section */
		4B57D1361AC4F505006C5249 /* 電卓.app */ = {isa = PBXFileReference; explicitFileType = wrapper.application; includeInIndex = 0; path = "電卓.app"; sourceTree = BUILT_PRODUCTS_DIR; };
		4B57D13A1AC4F505006C5249 /* Info.plist */ = {isa = PBXFileReference; lastKnownFileType = text.plist.xml; path = Info.plist; sourceTree = "<group>"; };
		4B57D13B1AC4F505006C5249 /* AppDelegate.swift */ = {isa = PBXFileReference; lastKnownFileType = sourcecode.swift; path = AppDelegate.swift; sourceTree = "<group>"; };
		4B57D13D1AC4F505006C5249 /* ViewController.swift */ = {isa = PBXFileReference; lastKnownFileType = sourcecode.swift; path = ViewController.swift; sourceTree = "<group>"; };
		4B57D1401AC4F505006C5249 /* Base */ = {isa = PBXFileReference; lastKnownFileType = file.storyboard; name = Base; path = Base.lproj/Main.storyboard; sourceTree = "<group>"; };
		4B57D1421AC4F505006C5249 /* Images.xcassets */ = {isa = PBXFileReference; lastKnownFileType = folder.assetcatalog; path = Images.xcassets; sourceTree = "<group>"; };
		4B57D1451AC4F505006C5249 /* Base */ = {isa = PBXFileReference; lastKnownFileType = file.xib; name = Base; path = Base.lproj/LaunchScreen.xib; sourceTree = "<group>"; };
		4B57D14B1AC4F505006C5249 /* 電卓Tests.xctest */ = {isa = PBXFileReference; explicitFileType = wrapper.cfbundle; includeInIndex = 0; path = "電卓Tests.xctest"; sourceTree = BUILT_PRODUCTS_DIR; };
		4B57D1501AC4F505006C5249 /* Info.plist */ = {isa = PBXFileReference; lastKnownFileType = text.plist.xml; path = Info.plist; sourceTree = "<group>"; };
		4B57D1511AC4F505006C5249 /* __Tests.swift */ = {isa = PBXFileReference; lastKnownFileType = sourcecode.swift; path = __Tests.swift; sourceTree = "<group>"; };
/* End PBXFileReference section */

/* Begin PBXFrameworksBuildPhase section */
		4B57D1331AC4F505006C5249 /* Frameworks */ = {
			isa = PBXFrameworksBuildPhase;
			buildActionMask = 2147483647;
			files = (
			);
			runOnlyForDeploymentPostprocessing = 0;
		};
		4B57D1481AC4F505006C5249 /* Frameworks */ = {
			isa = PBXFrameworksBuildPhase;
			buildActionMask = 2147483647;
			files = (
			);
			runOnlyForDeploymentPostprocessing = 0;
		};
/* End PBXFrameworksBuildPhase section */

/* Begin PBXGroup section */
		4B57D12D1AC4F505006C5249 = {
			isa = PBXGroup;
			children = (
				4B57D1381AC4F505006C5249 /* 電卓 */,
				4B57D14E1AC4F505006C5249 /* 電卓Tests */,
				4B57D1371AC4F505006C5249 /* Products */,
			);
			sourceTree = "<group>";
		};
		4B57D1371AC4F505006C5249 /* Products */ = {
			isa = PBXGroup;
			children = (
				4B57D1361AC4F505006C5249 /* 電卓.app */,
				4B57D14B1AC4F505006C5249 /* 電卓Tests.xctest */,
			);
			name = Products;
			sourceTree = "<group>";
		};
		4B57D1381AC4F505006C5249 /* 電卓 */ = {
			isa = PBXGroup;
			children = (
				4B57D13B1AC4F505006C5249 /* AppDelegate.swift */,
				4B57D13D1AC4F505006C5249 /* ViewController.swift */,
				4B57D13F1AC4F505006C5249 /* Main.storyboard */,
				4B57D1421AC4F505006C5249 /* Images.xcassets */,
				4B57D1441AC4F505006C5249 /* LaunchScreen.xib */,
				4B57D1391AC4F505006C5249 /* Supporting Files */,
			);
			path = "電卓";
			sourceTree = "<group>";
		};
		4B57D1391AC4F505006C5249 /* Supporting Files */ = {
			isa = PBXGroup;
			children = (
				4B57D13A1AC4F505006C5249 /* Info.plist */,
			);
			name = "Supporting Files";
			sourceTree = "<group>";
		};
		4B57D14E1AC4F505006C5249 /* 電卓Tests */ = {
			isa = PBXGroup;
			children = (
				4B57D1511AC4F505006C5249 /* __Tests.swift */,
				4B57D14F1AC4F505006C5249 /* Supporting Files */,
			);
			path = "電卓Tests";
			sourceTree = "<group>";
		};
		4B57D14F1AC4F505006C5249 /* Supporting Files */ = {
			isa = PBXGroup;
			children = (
				4B57D1501AC4F505006C5249 /* Info.plist */,
			);
			name = "Supporting Files";
			sourceTree = "<group>";
		};
/* End PBXGroup section */

/* Begin PBXNativeTarget section */
		4B57D1351AC4F505006C5249 /* 電卓 */ = {
			isa = PBXNativeTarget;
			buildConfigurationList = 4B57D1551AC4F505006C5249 /* Build configuration list for PBXNativeTarget "電卓" */;
			buildPhases = (
				4B57D1321AC4F505006C5249 /* Sources */,
				4B57D1331AC4F505006C5249 /* Frameworks */,
				4B57D1341AC4F505006C5249 /* Resources */,
			);
			buildRules = (
			);
			dependencies = (
			);
			name = "電卓";
			productName = "電卓";
			productReference = 4B57D1361AC4F505006C5249 /* 電卓.app */;
			productType = "com.apple.product-type.application";
		};
		4B57D14A1AC4F505006C5249 /* 電卓Tests */ = {
			isa = PBXNativeTarget;
			buildConfigurationList = 4B57D1581AC4F505006C5249 /* Build configuration list for PBXNativeTarget "電卓Tests" */;
			buildPhases = (
				4B57D1471AC4F505006C5249 /* Sources */,
				4B57D1481AC4F505006C5249 /* Frameworks */,
				4B57D1491AC4F505006C5249 /* Resources */,
			);
			buildRules = (
			);
			dependencies = (
				4B57D14D1AC4F505006C5249 /* PBXTargetDependency */,
			);
			name = "電卓Tests";
			productName = "電卓Tests";
			productReference = 4B57D14B1AC4F505006C5249 /* 電卓Tests.xctest */;
			productType = "com.apple.product-type.bundle.unit-test";
		};
/* End PBXNativeTarget section */

/* Begin PBXProject section */
		4B57D12E1AC4F505006C5249 /* Project object */ = {
			isa = PBXProject;
			attributes = {
				LastUpgradeCheck = 0620;
				ORGANIZATIONNAME = mycompany;
				TargetAttributes = {
					4B57D1351AC4F505006C5249 = {
						CreatedOnToolsVersion = 6.2;
					};
					4B57D14A1AC4F505006C5249 = {
						CreatedOnToolsVersion = 6.2;
						TestTargetID = 4B57D1351AC4F505006C5249;
					};
				};
			};
			buildConfigurationList = 4B57D1311AC4F505006C5249 /* Build configuration list for PBXProject "電卓" */;
			compatibilityVersion = "Xcode 3.2";
			developmentRegion = English;
			hasScannedForEncodings = 0;
			knownRegions = (
				en,
				Base,
			);
			mainGroup = 4B57D12D1AC4F505006C5249;
			productRefGroup = 4B57D1371AC4F505006C5249 /* Products */;
			projectDirPath = "";
			projectRoot = "";
			targets = (
				4B57D1351AC4F505006C5249 /* 電卓 */,
				4B57D14A1AC4F505006C5249 /* 電卓Tests */,
			);
		};
/* End PBXProject section */

/* Begin PBXResourcesBuildPhase section */
		4B57D1341AC4F505006C5249 /* Resources */ = {
			isa = PBXResourcesBuildPhase;
			buildActionMask = 2147483647;
			files = (
				4B57D1411AC4F505006C5249 /* Main.storyboard in Resources */,
				4B57D1461AC4F505006C5249 /* LaunchScreen.xib in Resources */,
				4B57D1431AC4F505006C5249 /* Images.xcassets in Resources */,
			);
			runOnlyForDeploymentPostprocessing = 0;
		};
		4B57D1491AC4F505006C5249 /* Resources */ = {
			isa = PBXResourcesBuildPhase;
			buildActionMask = 2147483647;
			files = (
			);
			runOnlyForDeploymentPostprocessing = 0;
		};
/* End PBXResourcesBuildPhase section */

/* Begin PBXSourcesBuildPhase section */
		4B57D1321AC4F505006C5249 /* Sources */ = {
			isa = PBXSourcesBuildPhase;
			buildActionMask = 2147483647;
			files = (
				4B57D13E1AC4F505006C5249 /* ViewController.swift in Sources */,
				4B57D13C1AC4F505006C5249 /* AppDelegate.swift in Sources */,
			);
			runOnlyForDeploymentPostprocessing = 0;
		};
		4B57D1471AC4F505006C5249 /* Sources */ = {
			isa = PBXSourcesBuildPhase;
			buildActionMask = 2147483647;
			files = (
				4B57D1521AC4F505006C5249 /* __Tests.swift in Sources */,
			);
			runOnlyForDeploymentPostprocessing = 0;
		};
/* End PBXSourcesBuildPhase section */

/* Begin PBXTargetDependency section */
		4B57D14D1AC4F505006C5249 /* PBXTargetDependency */ = {
			isa = PBXTargetDependency;
			target = 4B57D1351AC4F505006C5249 /* 電卓 */;
			targetProxy = 4B57D14C1AC4F505006C5249 /* PBXContainerItemProxy */;
		};
/* End PBXTargetDependency section */

/* Begin PBXVariantGroup section */
		4B57D13F1AC4F505006C5249 /* Main.storyboard */ = {
			isa = PBXVariantGroup;
			children = (
				4B57D1401AC4F505006C5249 /* Base */,
			);
			name = Main.storyboard;
			sourceTree = "<group>";
		};
		4B57D1441AC4F505006C5249 /* LaunchScreen.xib */ = {
			isa = PBXVariantGroup;
			children = (
				4B57D1451AC4F505006C5249 /* Base */,
			);
			name = LaunchScreen.xib;
			sourceTree = "<group>";
		};
/* End PBXVariantGroup section */

/* Begin XCBuildConfiguration section */
		4B57D1531AC4F505006C5249 /* Debug */ = {
			isa = XCBuildConfiguration;
			buildSettings = {
				ALWAYS_SEARCH_USER_PATHS = NO;
				CLANG_CXX_LANGUAGE_STANDARD = "gnu++0x";
				CLANG_CXX_LIBRARY = "libc++";
				CLANG_ENABLE_MODULES = YES;
				CLANG_ENABLE_OBJC_ARC = YES;
				CLANG_WARN_BOOL_CONVERSION = YES;
				CLANG_WARN_CONSTANT_CONVERSION = YES;
				CLANG_WARN_DIRECT_OBJC_ISA_USAGE = YES_ERROR;
				CLANG_WARN_EMPTY_BODY = YES;
				CLANG_WARN_ENUM_CONVERSION = YES;
				CLANG_WARN_INT_CONVERSION = YES;
				CLANG_WARN_OBJC_ROOT_CLASS = YES_ERROR;
				CLANG_WARN_UNREACHABLE_CODE = YES;
				CLANG_WARN__DUPLICATE_METHOD_MATCH = YES;
				"CODE_SIGN_IDENTITY[sdk=iphoneos*]" = "iPhone Developer";
				COPY_PHASE_STRIP = NO;
				ENABLE_STRICT_OBJC_MSGSEND = YES;
				GCC_C_LANGUAGE_STANDARD = gnu99;
				GCC_DYNAMIC_NO_PIC = NO;
				GCC_OPTIMIZATION_LEVEL = 0;
				GCC_PREPROCESSOR_DEFINITIONS = (
					"DEBUG=1",
					"$(inherited)",
				);
				GCC_SYMBOLS_PRIVATE_EXTERN = NO;
				GCC_WARN_64_TO_32_BIT_CONVERSION = YES;
				GCC_WARN_ABOUT_RETURN_TYPE = YES_ERROR;
				GCC_WARN_UNDECLARED_SELECTOR = YES;
				GCC_WARN_UNINITIALIZED_AUTOS = YES_AGGRESSIVE;
				GCC_WARN_UNUSED_FUNCTION = YES;
				GCC_WARN_UNUSED_VARIABLE = YES;
				IPHONEOS_DEPLOYMENT_TARGET = 8.2;
				MTL_ENABLE_DEBUG_INFO = YES;
				ONLY_ACTIVE_ARCH = YES;
				SDKROOT = iphoneos;
				SWIFT_OPTIMIZATION_LEVEL = "-Onone";
			};
			name = Debug;
		};
		4B57D1541AC4F505006C5249 /* Release */ = {
			isa = XCBuildConfiguration;
			buildSettings = {
				ALWAYS_SEARCH_USER_PATHS = NO;
				CLANG_CXX_LANGUAGE_STANDARD = "gnu++0x";
				CLANG_CXX_LIBRARY = "libc++";
				CLANG_ENABLE_MODULES = YES;
				CLANG_ENABLE_OBJC_ARC = YES;
				CLANG_WARN_BOOL_CONVERSION = YES;
				CLANG_WARN_CONSTANT_CONVERSION = YES;
				CLANG_WARN_DIRECT_OBJC_ISA_USAGE = YES_ERROR;
				CLANG_WARN_EMPTY_BODY = YES;
				CLANG_WARN_ENUM_CONVERSION = YES;
				CLANG_WARN_INT_CONVERSION = YES;
				CLANG_WARN_OBJC_ROOT_CLASS = YES_ERROR;
				CLANG_WARN_UNREACHABLE_CODE = YES;
				CLANG_WARN__DUPLICATE_METHOD_MATCH = YES;
				"CODE_SIGN_IDENTITY[sdk=iphoneos*]" = "iPhone Developer";
				COPY_PHASE_STRIP = NO;
				ENABLE_NS_ASSERTIONS = NO;
				ENABLE_STRICT_OBJC_MSGSEND = YES;
				GCC_C_LANGUAGE_STANDARD = gnu99;
				GCC_WARN_64_TO_32_BIT_CONVERSION = YES;
				GCC_WARN_ABOUT_RETURN_TYPE = YES_ERROR;
				GCC_WARN_UNDECLARED_SELECTOR = YES;
				GCC_WARN_UNINITIALIZED_AUTOS = YES_AGGRESSIVE;
				GCC_WARN_UNUSED_FUNCTION = YES;
				GCC_WARN_UNUSED_VARIABLE = YES;
				IPHONEOS_DEPLOYMENT_TARGET = 8.2;
				MTL_ENABLE_DEBUG_INFO = NO;
				SDKROOT = iphoneos;
				VALIDATE_PRODUCT = YES;
			};
			name = Release;
		};
		4B57D1561AC4F505006C5249 /* Debug */ = {
			isa = XCBuildConfiguration;
			buildSettings = {
				ASSETCATALOG_COMPILER_APPICON_NAME = AppIcon;
				INFOPLIST_FILE = "電卓/Info.plist";
				LD_RUNPATH_SEARCH_PATHS = "$(inherited) @executable_path/Frameworks";
				PRODUCT_NAME = "$(TARGET_NAME)";
			};
			name = Debug;
		};
		4B57D1571AC4F505006C5249 /* Release */ = {
			isa = XCBuildConfiguration;
			buildSettings = {
				ASSETCATALOG_COMPILER_APPICON_NAME = AppIcon;
				INFOPLIST_FILE = "電卓/Info.plist";
				LD_RUNPATH_SEARCH_PATHS = "$(inherited) @executable_path/Frameworks";
				PRODUCT_NAME = "$(TARGET_NAME)";
			};
			name = Release;
		};
		4B57D1591AC4F505006C5249 /* Debug */ = {
			isa = XCBuildConfiguration;
			buildSettings = {
				BUNDLE_LOADER = "$(TEST_HOST)";
				FRAMEWORK_SEARCH_PATHS = (
					"$(SDKROOT)/Developer/Library/Frameworks",
					"$(inherited)",
				);
				GCC_PREPROCESSOR_DEFINITIONS = (
					"DEBUG=1",
					"$(inherited)",
				);
				INFOPLIST_FILE = "電卓Tests/Info.plist";
				LD_RUNPATH_SEARCH_PATHS = "$(inherited) @executable_path/Frameworks @loader_path/Frameworks";
				PRODUCT_NAME = "$(TARGET_NAME)";
				TEST_HOST = "$(BUILT_PRODUCTS_DIR)/電卓.app/電卓";
			};
			name = Debug;
		};
		4B57D15A1AC4F505006C5249 /* Release */ = {
			isa = XCBuildConfiguration;
			buildSettings = {
				BUNDLE_LOADER = "$(TEST_HOST)";
				FRAMEWORK_SEARCH_PATHS = (
					"$(SDKROOT)/Developer/Library/Frameworks",
					"$(inherited)",
				);
				INFOPLIST_FILE = "電卓Tests/Info.plist";
				LD_RUNPATH_SEARCH_PATHS = "$(inherited) @executable_path/Frameworks @loader_path/Frameworks";
				PRODUCT_NAME = "$(TARGET_NAME)";
				TEST_HOST = "$(BUILT_PRODUCTS_DIR)/電卓.app/電卓";
			};
			name = Release;
		};
/* End XCBuildConfiguration section */

/* Begin XCConfigurationList section */
		4B57D1311AC4F505006C5249 /* Build configuration list for PBXProject "電卓" */ = {
			isa = XCConfigurationList;
			buildConfigurations = (
				4B57D1531AC4F505006C5249 /* Debug */,
				4B57D1541AC4F505006C5249 /* Release */,
			);
			defaultConfigurationIsVisible = 0;
			defaultConfigurationName = Release;
		};
		4B57D1551AC4F505006C5249 /* Build configuration list for PBXNativeTarget "電卓" */ = {
			isa = XCConfigurationList;
			buildConfigurations = (
				4B57D1561AC4F505006C5249 /* Debug */,
				4B57D1571AC4F505006C5249 /* Release */,
			);
			defaultConfigurationIsVisible = 0;
		};
		4B57D1581AC4F505006C5249 /* Build configuration list for PBXNativeTarget "電卓Tests" */ = {
			isa = XCConfigurationList;
			buildConfigurations = (
				4B57D1591AC4F505006C5249 /* Debug */,
				4B57D15A1AC4F505006C5249 /* Release */,
			);
			defaultConfigurationIsVisible = 0;
		};
/* End XCConfigurationList section */
	};
	rootObject = 4B57D12E1AC4F505006C5249 /* Project object */;
}
